# This file was autogenerated by Stack.
# You should not edit this file by hand.
# For more information, please see the documentation at:
#   https://docs.haskellstack.org/en/stable/lock_files

packages:
- completed:
    hackage: cabal-test-quickcheck-0.1.8.2@sha256:31f39848c3cf6cb191fe5e4b7ebdecfce9eb1032ce1de1ff037973f451d21fe0,1000
    pantry-tree:
      size: 246
      sha256: 5761819953ca67a926d7e44c318a5afd76ac652f24ea13807fd2618199c995df
  original:
    hackage: cabal-test-quickcheck-0.1.8.2@sha256:31f39848c3cf6cb191fe5e4b7ebdecfce9eb1032ce1de1ff037973f451d21fe0,1000
snapshots:
- completed:
    size: 525876
    url: https://raw.githubusercontent.com/commercialhaskell/stackage-snapshots/master/lts/14/13.yaml
    sha256: 4a0e79eb194c937cc2a1852ff84d983c63ac348dc6bad5f38d20cab697036eef
  original: lts-14.13
